
Microsoft Visual Studio Solution File, Format Version 12.00
Project("{FAE04EC0-301F-11D3-BF4B-00C04F79EFBC}") = "BoredGames.Server.Domain", "BoredGames.Server.Domain\BoredGames.Server.Domain.csproj", "{C19E4C26-6BEA-4437-9970-BBF436A22CFA}"
EndProject
Project("{FAE04EC0-301F-11D3-BF4B-00C04F79EFBC}") = "BoredGames.API", "BoredGames.API\BoredGames.API.csproj", "{C4BD377C-9ED5-4F91-BADB-08A73ADD8A63}"
EndProject
Project("{FAE04EC0-301F-11D3-BF4B-00C04F79EFBC}") = "BoredGames.Common", "BoredGames.Common\BoredGames.Common.csproj", "{FF684658-AF9A-44CD-9AA7-F6A9146BD91D}"
EndProject
Project("{FAE04EC0-301F-11D3-BF4B-00C04F79EFBC}") = "BoredGames.Server.Tests", "BoredGames.Server.Tests\BoredGames.Server.Tests.csproj", "{1F344439-BAFE-4F01-8AD2-654EA50C51F3}"
EndProject
Project("{FAE04EC0-301F-11D3-BF4B-00C04F79EFBC}") = "BoredGames.Server.GameServer", "BoredGames.Server.GameServer\BoredGames.Server.GameServer.csproj", "{B67247F3-9551-4A90-B661-C75C06F96C8C}"
EndProject
Project("{FAE04EC0-301F-11D3-BF4B-00C04F79EFBC}") = "BoredGames.Integration.Tests", "BoredGames.Integration.Tests\BoredGames.Integration.Tests.csproj", "{3FCDFBB5-3932-4201-8098-F516602D45DE}"
EndProject
Project("{FAE04EC0-301F-11D3-BF4B-00C04F79EFBC}") = "BoredGames.Aspire.AppHost", "BoredGames.Aspire.AppHost\BoredGames.Aspire.AppHost.csproj", "{DA9CAD92-AADF-4D2B-9C8C-46D571028C6A}"
EndProject
Global
	GlobalSection(SolutionConfigurationPlatforms) = preSolution
		Debug|Any CPU = Debug|Any CPU
		Release|Any CPU = Release|Any CPU
	EndGlobalSection
	GlobalSection(ProjectConfigurationPlatforms) = postSolution
		{C19E4C26-6BEA-4437-9970-BBF436A22CFA}.Debug|Any CPU.ActiveCfg = Debug|Any CPU
		{C19E4C26-6BEA-4437-9970-BBF436A22CFA}.Debug|Any CPU.Build.0 = Debug|Any CPU
		{C19E4C26-6BEA-4437-9970-BBF436A22CFA}.Release|Any CPU.ActiveCfg = Release|Any CPU
		{C19E4C26-6BEA-4437-9970-BBF436A22CFA}.Release|Any CPU.Build.0 = Release|Any CPU
		{C4BD377C-9ED5-4F91-BADB-08A73ADD8A63}.Debug|Any CPU.ActiveCfg = Debug|Any CPU
		{C4BD377C-9ED5-4F91-BADB-08A73ADD8A63}.Debug|Any CPU.Build.0 = Debug|Any CPU
		{C4BD377C-9ED5-4F91-BADB-08A73ADD8A63}.Release|Any CPU.ActiveCfg = Release|Any CPU
		{C4BD377C-9ED5-4F91-BADB-08A73ADD8A63}.Release|Any CPU.Build.0 = Release|Any CPU
		{FF684658-AF9A-44CD-9AA7-F6A9146BD91D}.Debug|Any CPU.ActiveCfg = Debug|Any CPU
		{FF684658-AF9A-44CD-9AA7-F6A9146BD91D}.Debug|Any CPU.Build.0 = Debug|Any CPU
		{FF684658-AF9A-44CD-9AA7-F6A9146BD91D}.Release|Any CPU.ActiveCfg = Release|Any CPU
		{FF684658-AF9A-44CD-9AA7-F6A9146BD91D}.Release|Any CPU.Build.0 = Release|Any CPU
		{1F344439-BAFE-4F01-8AD2-654EA50C51F3}.Debug|Any CPU.ActiveCfg = Debug|Any CPU
		{1F344439-BAFE-4F01-8AD2-654EA50C51F3}.Debug|Any CPU.Build.0 = Debug|Any CPU
		{1F344439-BAFE-4F01-8AD2-654EA50C51F3}.Release|Any CPU.ActiveCfg = Release|Any CPU
		{1F344439-BAFE-4F01-8AD2-654EA50C51F3}.Release|Any CPU.Build.0 = Release|Any CPU
		{B67247F3-9551-4A90-B661-C75C06F96C8C}.Debug|Any CPU.ActiveCfg = Debug|Any CPU
		{B67247F3-9551-4A90-B661-C75C06F96C8C}.Debug|Any CPU.Build.0 = Debug|Any CPU
		{B67247F3-9551-4A90-B661-C75C06F96C8C}.Release|Any CPU.ActiveCfg = Release|Any CPU
		{B67247F3-9551-4A90-B661-C75C06F96C8C}.Release|Any CPU.Build.0 = Release|Any CPU
		{3FCDFBB5-3932-4201-8098-F516602D45DE}.Debug|Any CPU.ActiveCfg = Debug|Any CPU
		{3FCDFBB5-3932-4201-8098-F516602D45DE}.Debug|Any CPU.Build.0 = Debug|Any CPU
		{3FCDFBB5-3932-4201-8098-F516602D45DE}.Release|Any CPU.ActiveCfg = Release|Any CPU
		{3FCDFBB5-3932-4201-8098-F516602D45DE}.Release|Any CPU.Build.0 = Release|Any CPU
		{DA9CAD92-AADF-4D2B-9C8C-46D571028C6A}.Debug|Any CPU.ActiveCfg = Debug|Any CPU
		{DA9CAD92-AADF-4D2B-9C8C-46D571028C6A}.Debug|Any CPU.Build.0 = Debug|Any CPU
		{DA9CAD92-AADF-4D2B-9C8C-46D571028C6A}.Release|Any CPU.ActiveCfg = Release|Any CPU
		{DA9CAD92-AADF-4D2B-9C8C-46D571028C6A}.Release|Any CPU.Build.0 = Release|Any CPU
	EndGlobalSection
EndGlobal
